{
    "_meta": {
        "hash": {
            "sha256": "7e3bb5c0ed3ebad52781914660ecdd1a7b946ee491f76d1816584e66a4025286"
        },
        "pipfile-spec": 6,
        "requires": {
            "python_version": "3"
        },
        "sources": [
            {
                "name": "pypi",
                "url": "https://pypi.org/simple",
                "verify_ssl": true
            }
        ]
    },
    "default": {
        "apscheduler": {
            "hashes": [
                "sha256:3bb5229eed6fbbdafc13ce962712ae66e175aa214c69bed35a06bffcf0c5e244",
                "sha256:e8b1ecdb4c7cb2818913f766d5898183c7cb8936680710a4d3a966e02262e526"
            ],
            "version": "==3.6.3"
        },
        "cachetools": {
            "hashes": [
                "sha256:2cc0b89715337ab6dbba85b5b50effe2b0c74e035d83ee8ed637cf52f12ae001",
                "sha256:61b5ed1e22a0924aed1d23b478f37e8d52549ff8a961de2909c69bf950020cff"
            ],
            "markers": "python_version ~= '3.5'",
            "version": "==4.2.2"
        },
        "certifi": {
            "hashes": [
                "sha256:97de8790030bbd5c2d96b7ec782fc2f7820ef8dba6db909ccf95449f2d062d4b",
                "sha256:d8ab5478f2ecd78af242878415affce761ca6bc54a22a27e026d7c25357c3316"
            ],
            "markers": "python_version >= '3.7'",
            "version": "==2025.11.12"
        },
        "location-guessing-game-telegram-bot": {
            "editable": true,
            "path": "."
        },
        "python-telegram-bot": {
            "hashes": [
                "sha256:06780c258d3f2a3c6c79a7aeb45714f4cd1dd6275941b7dc4628bba64fddd465",
                "sha256:b4047606b8081b62bbd6aa361f7ca1efe87fa8f1881ec9d932d35844bf57a154"
            ],
            "markers": "python_version >= '3.7'",
            "version": "==13.15"
        },
        "pytz": {
            "hashes": [
                "sha256:360b9e3dbb49a209c21ad61809c7fb453643e048b38924c765813546746e81c3",
                "sha256:5ddf76296dd8c44c26eb8f4b6f35488f3ccbf6fbbd7adee0b7262d43f0ec2f00"
            ],
            "version": "==2025.2"
        },
        "setuptools": {
            "hashes": [
                "sha256:bf2e513eb8144c3298a3bd28ab1a5edb739131ec5c22e045ff93cd7f5319703a",
                "sha256:fc30c51cbcb8199a219c12cc9c281b5925a4978d212f84229c909636d9f6984e"
            ],
            "index": "pypi",
            "markers": "python_version >= '3.9'",
            "version": "==80.10.1"
        },
        "six": {
            "hashes": [
                "sha256:4721f391ed90541fddacab5acf947aa0d3dc7d27b2e1e8eda2be8970586c3274",
                "sha256:ff70335d468e7eb6ec65b95b99d3a2836546063f63acc5171de367e834932a81"
            ],
            "markers": "python_version >= '2.7' and python_version not in '3.0, 3.1, 3.2'",
            "version": "==1.17.0"
        },
        "tornado": {
            "hashes": [
                "sha256:0a00ff4561e2929a2c37ce706cb8233b7907e0cdc22eab98888aca5dd3775feb",
                "sha256:0d321a39c36e5f2c4ff12b4ed58d41390460f798422c4504e09eb5678e09998c",
                "sha256:1e8225a1070cd8eec59a996c43229fe8f95689cb16e552d130b9793cb570a288",
                "sha256:20241b3cb4f425e971cb0a8e4ffc9b0a861530ae3c52f2b0434e6c1b57e9fd95",
                "sha256:25ad220258349a12ae87ede08a7b04aca51237721f63b1808d39bdb4b2164558",
                "sha256:33892118b165401f291070100d6d09359ca74addda679b60390b09f8ef325ffe",
                "sha256:33c6e81d7bd55b468d2e793517c909b139960b6c790a60b7991b9b6b76fb9791",
                "sha256:3447475585bae2e77ecb832fc0300c3695516a47d46cefa0528181a34c5b9d3d",
                "sha256:34ca2dac9e4d7afb0bed4677512e36a52f09caa6fded70b4e3e1c89dbd92c326",
                "sha256:3e63498f680547ed24d2c71e6497f24bca791aca2fe116dbc2bd0ac7f191691b",
                "sha256:548430be2740e327b3fe0201abe471f314741efcb0067ec4f2d7dcfb4825f3e4",
                "sha256:6196a5c39286cc37c024cd78834fb9345e464525d8991c21e908cc046d1cc02c",
                "sha256:61b32d06ae8a036a6607805e6720ef00a3c98207038444ba7fd3d169cd998910",
                "sha256:6286efab1ed6e74b7028327365cf7346b1d777d63ab30e21a0f4d5b275fc17d5",
                "sha256:65d98939f1a2e74b58839f8c4dab3b6b3c1ce84972ae712be02845e65391ac7c",
                "sha256:66324e4e1beede9ac79e60f88de548da58b1f8ab4b2f1354d8375774f997e6c0",
                "sha256:6c77c9937962577a6a76917845d06af6ab9197702a42e1346d8ae2e76b5e3675",
                "sha256:70dec29e8ac485dbf57481baee40781c63e381bebea080991893cd297742b8fd",
                "sha256:7250a3fa399f08ec9cb3f7b1b987955d17e044f1ade821b32e5f435130250d7f",
                "sha256:748290bf9112b581c525e6e6d3820621ff020ed95af6f17fedef416b27ed564c",
                "sha256:7da13da6f985aab7f6f28debab00c67ff9cbacd588e8477034c0652ac141feea",
                "sha256:8f959b26f2634a091bb42241c3ed8d3cedb506e7c27b8dd5c7b9f745318ddbb6",
                "sha256:9de9e5188a782be6b1ce866e8a51bc76a0fbaa0e16613823fc38e4fc2556ad05",
                "sha256:a48900ecea1cbb71b8c71c620dee15b62f85f7c14189bdeee54966fbd9a0c5bd",
                "sha256:b87936fd2c317b6ee08a5741ea06b9d11a6074ef4cc42e031bc6403f82a32575",
                "sha256:c77da1263aa361938476f04c4b6c8916001b90b2c2fdd92d8d535e1af48fba5a",
                "sha256:cb5ec8eead331e3bb4ce8066cf06d2dfef1bfb1b2a73082dfe8a161301b76e37",
                "sha256:cc0ee35043162abbf717b7df924597ade8e5395e7b66d18270116f8745ceb795",
                "sha256:d14d30e7f46a0476efb0deb5b61343b1526f73ebb5ed84f23dc794bdb88f9d9f",
                "sha256:d371e811d6b156d82aa5f9a4e08b58debf97c302a35714f6f45e35139c332e32",
                "sha256:d3d20ea5782ba63ed13bc2b8c291a053c8d807a8fa927d941bd718468f7b950c",
                "sha256:d3f7594930c423fd9f5d1a76bee85a2c36fd8b4b16921cae7e965f22575e9c01",
                "sha256:dcef026f608f678c118779cd6591c8af6e9b4155c44e0d1bc0c87c036fb8c8c4",
                "sha256:e0791ac58d91ac58f694d8d2957884df8e4e2f6687cdf367ef7eb7497f79eaa2",
                "sha256:e385b637ac3acaae8022e7e47dfa7b83d3620e432e3ecb9a3f7f58f150e50921",
                "sha256:e519d64089b0876c7b467274468709dadf11e41d65f63bba207e04217f47c085",
                "sha256:e7229e60ac41a1202444497ddde70a48d33909e484f96eb0da9baf8dc68541df",
                "sha256:ed3ad863b1b40cd1d4bd21e7498329ccaece75db5a5bf58cd3c9f130843e7102",
                "sha256:f0ba29bafd8e7e22920567ce0d232c26d4d47c8b5cf4ed7b562b5db39fa199c5",
                "sha256:fa2ba70284fa42c2a5ecb35e322e68823288a4251f9ba9cc77be04ae15eada68",
                "sha256:fba85b6cd9c39be262fcd23865652920832b61583de2a2ca907dbd8e8a8c81e5"
            ],
            "markers": "python_version >= '3.5'",
            "version": "==6.1"
        },
        "tzlocal": {
            "hashes": [
                "sha256:cceffc7edecefea1f595541dbd6e990cb1ea3d19bf01b2809f362a03dd7921fd",
                "sha256:eb1a66c3ef5847adf7a834f1be0800581b683b5608e74f86ecbcef8ab91bb85d"
            ],
            "markers": "python_version >= '3.9'",
            "version": "==5.3.1"
        }
    },
    "develop": {
        "astroid": {
            "hashes": [
                "sha256:52f39653876c7dec3e3afd4c2696920e05c83832b9737afc21928f2d2eb7a753",
                "sha256:986fed8bcf79fb82c78b18a53352a0b287a73817d6dbcfba3162da36667c49a0"
            ],
            "markers": "python_full_version >= '3.10.0'",
            "version": "==4.0.4"
        },
        "black": {
            "hashes": [
                "sha256:0126ae5b7c09957da2bdbd91a9ba1207453feada9e9fe51992848658c6c8e01c",
                "sha256:0f76ff19ec5297dd8e66eb64deda23631e642c9393ab592826fd4bdc97a4bce7",
                "sha256:28ef38aee69e4b12fda8dba75e21f9b4f979b490c8ac0baa7cb505369ac9e1ff",
                "sha256:2bd5aa94fc267d38bb21a70d7410a89f1a1d318841855f698746f8e7f51acd1b",
                "sha256:2c50f5063a9641c7eed7795014ba37b0f5fa227f3d408b968936e24bc0566b07",
                "sha256:2d6bfaf7fd0993b420bed691f20f9492d53ce9a2bcccea4b797d34e947318a78",
                "sha256:41cd2012d35b47d589cb8a16faf8a32ef7a336f56356babd9fcf70939ad1897f",
                "sha256:474c27574d6d7037c1bc875a81d9be0a9a4f9ee95e62800dab3cfaadbf75acd5",
                "sha256:5602bdb96d52d2d0672f24f6ffe5218795736dd34807fd0fd55ccd6bf206168b",
                "sha256:5e9d0d86df21f2e1677cc4bd090cd0e446278bcbbe49bf3659c308c3e402843e",
                "sha256:5ed0ca58586c8d9a487352a96b15272b7fa55d139fc8496b519e78023a8dab0a",
                "sha256:6c54a4a82e291a1fee5137371ab488866b7c86a3305af4026bdd4dc78642e1ac",
                "sha256:6e131579c243c98f35bce64a7e08e87fb2d610544754675d4a0e73a070a5aa3a",
                "sha256:855822d90f884905362f602880ed8b5df1b7e3ee7d0db2502d4388a954cc8c54",
                "sha256:86a8b5035fce64f5dcd1b794cf8ec4d31fe458cf6ce3986a30deb434df82a1d2",
                "sha256:8a33d657f3276328ce00e4d37fe70361e1ec7614da5d7b6e78de5426cb56332f",
                "sha256:92c0ec1f2cc149551a2b7b47efc32c866406b6891b0ee4625e95967c8f4acfb1",
                "sha256:9a5e9f45e5d5e1c5b5c29b3bd4265dcc90e8b92cf4534520896ed77f791f4da5",
                "sha256:afc622538b430aa4c8c853f7f63bc582b3b8030fd8c80b70fb5fa5b834e575c2",
                "sha256:b07fc0dab849d24a80a29cfab8d8a19187d1c4685d8a5e6385a5ce323c1f015f",
                "sha256:b5e6f89631eb88a7302d416594a32faeee9fb8fb848290da9d0a5f2903519fc1",
                "sha256:bf9bf162ed91a26f1adba8efda0b573bc6924ec1408a52cc6f82cb73ec2b142c",
                "sha256:c7e72339f841b5a237ff14f7d3880ddd0fc7f98a1199e8c4327f9a4f478c1839",
                "sha256:ddb113db38838eb9f043623ba274cfaf7d51d5b0c22ecb30afe58b1bb8322983",
                "sha256:dfdd51fc3e64ea4f35873d1b3fb25326773d55d2329ff8449139ebaad7357efb",
                "sha256:f1cd08e99d2f9317292a311dfe578fd2a24b15dbce97792f9c4d752275c1fa56",
                "sha256:f89f2ab047c76a9c03f78d0d66ca519e389519902fa27e7a91117ef7611c0568"
            ],
            "index": "pypi",
            "markers": "python_version >= '3.10'",
            "version": "==26.3.1"
        },
        "click": {
            "hashes": [
                "sha256:12ff4785d337a1bb490bb7e9c2b1ee5da3112e94a8622f26a6c77f5d2fc6842a",
                "sha256:981153a64e25f12d547d3426c367a4857371575ee7ad18df2a6183ab0545b2a6"
            ],
            "markers": "python_version >= '3.10'",
            "version": "==8.3.1"
        },
        "coverage": {
            "extras": [
                "toml"
            ],
            "hashes": [
                "sha256:0018f73dfb4301a89292c73be6ba5f58722ff79f51593352759c1790ded1cabe",
                "sha256:00c3d22cf6fb1cf3bf662aaaa4e563be8243a5ed2630339069799835a9cc7f9b",
                "sha256:02d9fb9eccd48f6843c98a37bd6817462f130b86da8660461e8f5e54d4c06070",
                "sha256:0602f701057c6823e5db1b74530ce85f17c3c5be5c85fc042ac939cbd909426e",
                "sha256:06cac81bf10f74034e055e903f5f946e3e26fc51c09fc9f584e4a1605d977053",
                "sha256:086cede306d96202e15a4b77ace8472e39d9f4e5f9fd92dd4fecdfb2313b2080",
                "sha256:0900872f2fdb3ee5646b557918d02279dc3af3dfb39029ac4e945458b13f73bc",
                "sha256:0a3a30f0e257df382f5f9534d4ce3d4cf06eafaf5192beb1a7bd066cb10e78fb",
                "sha256:0b3d67d31383c4c68e19a88e28fc4c2e29517580f1b0ebec4a069d502ce1e0bf",
                "sha256:0dfa3855031070058add1a59fdfda0192fd3e8f97e7c81de0596c145dea51820",
                "sha256:0f4872f5d6c54419c94c25dd6ae1d015deeb337d06e448cd890a1e89a8ee7f3b",
                "sha256:11c21557d0e0a5a38632cbbaca5f008723b26a89d70db6315523df6df77d6232",
                "sha256:166ad2a22ee770f5656e1257703139d3533b4a0b6909af67c6b4a3adc1c98657",
                "sha256:193c3887285eec1dbdb3f2bd7fbc351d570ca9c02ca756c3afbc71b3c98af6ef",
                "sha256:1d84e91521c5e4cb6602fe11ece3e1de03b2760e14ae4fcf1a4b56fa3c801fcd",
                "sha256:1ed5630d946859de835a85e9a43b721123a8a44ec26e2830b296d478c7fd4259",
                "sha256:22486cdafba4f9e471c816a2a5745337742a617fef68e890d8baf9f3036d7833",
                "sha256:22ccfe8d9bb0d6134892cbe1262493a8c70d736b9df930f3f3afae0fe3ac924d",
                "sha256:24e4e56304fdb56f96f80eabf840eab043b3afea9348b88be680ec5986780a0f",
                "sha256:25dc33618d45456ccb1d37bce44bc78cf269909aa14c4db2e03d63146a8a1493",
                "sha256:263c3dbccc78e2e331e59e90115941b5f53e85cfcc6b3b2fbff1fd4e3d2c6ea8",
                "sha256:28ee1c96109974af104028a8ef57cec21447d42d0e937c0275329272e370ebcf",
                "sha256:30a3a201a127ea57f7e14ba43c93c9c4be8b7d17a26e03bb49e6966d019eede9",
                "sha256:3188936845cd0cb114fa6a51842a304cdbac2958145d03be2377ec41eb285d19",
                "sha256:367449cf07d33dc216c083f2036bb7d976c6e4903ab31be400ad74ad9f85ce98",
                "sha256:37eee4e552a65866f15dedd917d5e5f3d59805994260720821e2c1b51ac3248f",
                "sha256:3a10260e6a152e5f03f26db4a407c4c62d3830b9af9b7c0450b183615f05d43b",
                "sha256:3a7b1cd820e1b6116f92c6128f1188e7afe421c7e1b35fa9836b11444e53ebd9",
                "sha256:3ab483ea0e251b5790c2aac03acde31bff0c736bf8a86829b89382b407cd1c3b",
                "sha256:3ad968d1e3aa6ce5be295ab5fe3ae1bf5bb4769d0f98a80a0252d543a2ef2e9e",
                "sha256:445badb539005283825959ac9fa4a28f712c214b65af3a2c464f1adc90f5fcbc",
                "sha256:453b7ec753cf5e4356e14fe858064e5520c460d3bbbcb9c35e55c0d21155c256",
                "sha256:494f5459ffa1bd45e18558cd98710c36c0b8fbfa82a5eabcbe671d80ecffbfe8",
                "sha256:4b5de7d4583e60d5fd246dd57fcd3a8aa23c6e118a8c72b38adf666ba8e7e927",
                "sha256:4f3e223b2b2db5e0db0c2b97286aba0036ca000f06aca9b12112eaa9af3d92ae",
                "sha256:4fdb6f54f38e334db97f72fa0c701e66d8479af0bc3f9bfb5b90f1c30f54500f",
                "sha256:51a202e0f80f241ccb68e3e26e19ab5b3bf0f813314f2c967642f13ebcf1ddfe",
                "sha256:581f086833d24a22c89ae0fe2142cfaa1c92c930adf637ddf122d55083fb5a0f",
                "sha256:583221913fbc8f53b88c42e8dbb8fca1d0f2e597cb190ce45916662b8b9d9621",
                "sha256:58632b187be6f0be500f553be41e277712baa278147ecb7559983c6d9faf7ae1",
                "sha256:5c67dace46f361125e6b9cace8fe0b729ed8479f47e70c89b838d319375c8137",
                "sha256:5e70f92ef89bac1ac8a99b3324923b4749f008fdbd7aa9cb35e01d7a284a04f9",
                "sha256:5f5d9bd30756fff3e7216491a0d6d520c448d5124d3d8e8f56446d6412499e74",
                "sha256:5f8a0297355e652001015e93be345ee54393e45dc3050af4a0475c5a2b767d46",
                "sha256:62d7c4f13102148c78d7353c6052af6d899a7f6df66a32bddcc0c0eb7c5326f8",
                "sha256:69ac2c492918c2461bc6ace42d0479638e60719f2a4ef3f0815fa2df88e9f940",
                "sha256:6abb3a4c52f05e08460bd9acf04fec027f8718ecaa0d09c40ffbc3fbd70ecc39",
                "sha256:6e63ccc6e0ad8986386461c3c4b737540f20426e7ec932f42e030320896c311a",
                "sha256:6e9e451dee940a86789134b6b0ffbe31c454ade3b849bb8a9d2cca2541a8e91d",
                "sha256:6fb2d5d272341565f08e962cce14cdf843a08ac43bd621783527adb06b089c4b",
                "sha256:71936a8b3b977ddd0b694c28c6a34f4fff2e9dd201969a4ff5d5fc7742d614b0",
                "sha256:73419b89f812f498aca53f757dd834919b48ce4799f9d5cad33ca0ae442bdb1a",
                "sha256:739c6c051a7540608d097b8e13c76cfa85263ced467168dc6b477bae3df7d0e2",
                "sha256:7464663eaca6adba4175f6c19354feea61ebbdd735563a03d1e472c7072d27bb",
                "sha256:74c136e4093627cf04b26a35dab8cbfc9b37c647f0502fc313376e11726ba303",
                "sha256:76541dc8d53715fb4f7a3a06b34b0dc6846e3c69bc6204c55653a85dd6220971",
                "sha256:7a485ff48fbd231efa32d58f479befce52dcb6bfb2a88bb7bf9a0b89b1bc8030",
                "sha256:7e442c013447d1d8d195be62852270b78b6e255b79b8675bad8479641e21fd96",
                "sha256:7f15a931a668e58087bc39d05d2b4bf4b14ff2875b49c994bbdb1c2217a8daeb",
                "sha256:7f88ae3e69df2ab62fb0bc5219a597cb890ba5c438190ffa87490b315190bb33",
                "sha256:8069e831f205d2ff1f3d355e82f511eb7c5522d7d413f5db5756b772ec8697f8",
                "sha256:850d2998f380b1e266459ca5b47bc9e7daf9af1d070f66317972f382d46f1904",
                "sha256:898cce66d0836973f48dda4e3514d863d70142bdf6dfab932b9b6a90ea5b222d",
                "sha256:9097818b6cc1cfb5f174e3263eba4a62a17683bcfe5c4b5d07f4c97fa51fbf28",
                "sha256:936bc20503ce24770c71938d1369461f0c5320830800933bc3956e2a4ded930e",
                "sha256:9372dff5ea15930fea0445eaf37bbbafbc771a49e70c0aeed8b4e2c2614cc00e",
                "sha256:9987a9e4f8197a1000280f7cc089e3ea2c8b3c0a64d750537809879a7b4ceaf9",
                "sha256:99acd4dfdfeb58e1937629eb1ab6ab0899b131f183ee5f23e0b5da5cba2fec74",
                "sha256:9b01c22bc74a7fb44066aaf765224c0d933ddf1f5047d6cdfe4795504a4493f8",
                "sha256:a00d3a393207ae12f7c49bb1c113190883b500f48979abb118d8b72b8c95c032",
                "sha256:a23e5a1f8b982d56fa64f8e442e037f6ce29322f1f9e6c2344cd9e9f4407ee57",
                "sha256:a2bdb3babb74079f021696cb46b8bb5f5661165c385d3a238712b031a12355be",
                "sha256:a394aa27f2d7ff9bc04cf703817773a59ad6dfbd577032e690f961d2460ee936",
                "sha256:a6c6e16b663be828a8f0b6c5027d36471d4a9f90d28444aa4ced4d48d7d6ae8f",
                "sha256:af0a583efaacc52ae2521f8d7910aff65cdb093091d76291ac5820d5e947fc1c",
                "sha256:af827b7cbb303e1befa6c4f94fd2bf72f108089cfa0f8abab8f4ca553cf5ca5a",
                "sha256:c4be718e51e86f553bcf515305a158a1cd180d23b72f07ae76d6017c3cc5d791",
                "sha256:cdb3c9f8fef0a954c632f64328a3935988d33a6604ce4bf67ec3e39670f12ae5",
                "sha256:d10fd186aac2316f9bbb46ef91977f9d394ded67050ad6d84d94ed6ea2e8e54e",
                "sha256:d1e97353dcc5587b85986cda4ff3ec98081d7e84dd95e8b2a6d59820f0545f8a",
                "sha256:d2a9d7f1c11487b1c69367ab3ac2d81b9b3721f097aa409a3191c3e90f8f3dd7",
                "sha256:de7f6748b890708578fc4b7bb967d810aeb6fcc9bff4bb77dbca77dab2f9df6a",
                "sha256:e5330fa0cc1f5c3c4c3bb8e101b742025933e7848989370a1d4c8c5e401ea753",
                "sha256:e999e2dcc094002d6e2c7bbc1fb85b58ba4f465a760a8014d97619330cdbbbf3",
                "sha256:eb76670874fdd6091eedcc856128ee48c41a9bbbb9c3f1c7c3cf169290e3ffd6",
                "sha256:f1c23e24a7000da892a312fb17e33c5f94f8b001de44b7cf8ba2e36fbd15859e",
                "sha256:f2ffc92b46ed6e6760f1d47a71e56b5664781bc68986dbd1836b2b70c0ce2071",
                "sha256:f4f72a85316d8e13234cafe0a9f81b40418ad7a082792fa4165bd7d45d96066b",
                "sha256:f59883c643cb19630500f57016f76cfdcd6845ca8c5b5ea1f6e17f74c8e5f511",
                "sha256:f6aaef16d65d1787280943f1c8718dc32e9cf141014e4634d64446702d26e0ff",
                "sha256:fe81055d8c6c9de76d60c94ddea73c290b416e061d40d542b24a5871bad498b7",
                "sha256:ff45e0cd8451e293b63ced93161e189780baf444119391b3e7d25315060368a6"
            ],
            "markers": "python_version >= '3.10'",
            "version": "==7.13.0"
        },
        "dill": {
            "hashes": [
                "sha256:1e1ce33e978ae97fcfcff5638477032b801c46c7c65cf717f95fbc2248f79a9d",
                "sha256:423092df4182177d4d8ba8290c8a5b640c66ab35ec7da59ccfa00f6fa3eea5fa"
            ],
            "markers": "python_version >= '3.9'",
            "version": "==0.4.1"
        },
        "exceptiongroup": {
            "hashes": [
                "sha256:12c3e887d6485d16943a309616de20ae5582633e0a2eda17f4e10fd61c1e8af5",
                "sha256:e346e69d186172ca7cf029c8c1d16235aa0e04035e5750b4b95039e65204328f"
            ],
            "markers": "python_version < '3.11'",
            "version": "==1.1.2"
        },
        "iniconfig": {
            "hashes": [
                "sha256:c76315c77db068650d49c5b56314774a7804df16fee4402c1f19d6d15d8c4730",
                "sha256:f631c04d2c48c52b84d0d0549c99ff3859c98df65b3101406327ecc7d53fbf12"
            ],
            "markers": "python_version >= '3.10'",
            "version": "==2.3.0"
        },
        "isort": {
            "hashes": [
                "sha256:184916a933041c7cf718787f7e52064f3c06272aff69a5cb4dc46497bd8911d9",
                "sha256:fddea59202f231e170e52e71e3510b99c373b6e571b55d9c7b31b679c0fed47c"
            ],
            "markers": "python_full_version >= '3.10.0'",
            "version": "==8.0.0"
        },
        "librt": {
            "hashes": [
                "sha256:01170b6729a438f0dedc4a26ed342e3dc4f02d1000b4b19f980e1877f0c297e6",
                "sha256:039b9f2c506bd0ab0f8725aa5ba339c6f0cd19d3b514b50d134789809c24285d",
                "sha256:05bd41cdee35b0c59c259f870f6da532a2c5ca57db95b5f23689fcb5c9e42440",
                "sha256:086a32dbb71336627e78cc1d6ee305a68d038ef7d4c39aaff41ae8c9aa46e91a",
                "sha256:08eec3a1fc435f0d09c87b6bf1ec798986a3544f446b864e4099633a56fcd9ed",
                "sha256:0bf69d79a23f4f40b8673a947a234baeeb133b5078b483b7297c5916539cf5d5",
                "sha256:0c3811485fccfda840861905b8c70bba5ec094e02825598bb9d4ca3936857a04",
                "sha256:0d2f82168e55ddefd27c01c654ce52379c0750ddc31ee86b4b266bcf4d65f2a3",
                "sha256:0f2ae3725904f7377e11cc37722d5d401e8b3d5851fb9273d7f4fe04f6b3d37d",
                "sha256:10c42e1f6fd06733ef65ae7bebce2872bcafd8d6e6b0a08fe0a05a23b044fb14",
                "sha256:153188fe98a72f206042be10a2c6026139852805215ed9539186312d50a8e972",
                "sha256:172d57ec04346b047ca6af181e1ea4858086c80bdf455f61994c4aa6fc3f866c",
                "sha256:190b109bb69592a3401fe1ffdea41a2e73370ace2ffdc4a0e8e2b39cdea81b78",
                "sha256:1d3a7da44baf692f0c6aeb5b2a09c5e6fc7a703bca9ffa337ddd2e2da53f7732",
                "sha256:228c2409c079f8c11fb2e5d7b277077f694cb93443eb760e00b3b83cb8b3176c",
                "sha256:22b46eabd76c1986ee7d231b0765ad387d7673bbd996aa0d0d054b38ac65d8f6",
                "sha256:237796479f4d0637d6b9cbcb926ff424a97735e68ade6facf402df4ec93375ed",
                "sha256:2c74a2da57a094bd48d03fa5d196da83d2815678385d2978657499063709abe1",
                "sha256:2cc68eeeef5e906839c7bb0815748b5b0a974ec27125beefc0f942715785b551",
                "sha256:2eb345e8b33fb748227409c9f1233d4df354d6e54091f0e8fc53acdb2ffedeb7",
                "sha256:31362dbfe297b23590530007062c32c6f6176f6099646bb2c95ab1b00a57c382",
                "sha256:3dff3d3ca8db20e783b1bc7de49c0a2ab0b8387f31236d6a026597d07fcd68ac",
                "sha256:43353b943613c5d9c49a25aaffdba46f888ec354e71e3529a00cca3f04d66a7a",
                "sha256:439352ba9373f11cb8e1933da194dcc6206daf779ff8df0ed69c5e39113e6a99",
                "sha256:4998009e7cb9e896569f4be7004f09d0ed70d386fa99d42b6d363f6d200501ac",
                "sha256:4be2a5c926b9770c9e08e717f05737a269b9d0ebc5d2f0060f0fe3fe9ce47acb",
                "sha256:4beb04b8c66c6ae62f8c1e0b2f097c1ebad9295c929a8d5286c05eae7c2fc7dc",
                "sha256:4c8dfa264b9193c4ee19113c985c95f876fae5e51f731494fc4e0cf594990ba7",
                "sha256:5212a5bd7fae98dae95710032902edcd2ec4dc994e883294f75c857b83f9aba0",
                "sha256:52c224e14614b750c0a6d97368e16804a98c684657c7518752c356834fff83bb",
                "sha256:56e04c14b696300d47b3bc5f1d10a00e86ae978886d0cee14e5714fafb5df5d2",
                "sha256:5bb54f1205a3a6ab41a6fd71dfcdcbd278670d3a90ca502a30d9da583105b6f7",
                "sha256:5cdc0f588ff4b663ea96c26d2a230c525c6fc62b28314edaaaca8ed5af931ad0",
                "sha256:5db05697c82b3a2ec53f6e72b2ed373132b0c2e05135f0696784e97d7f5d48e7",
                "sha256:5e4af413908f77294605e28cfd98063f54b2c790561383971d2f52d113d9c363",
                "sha256:5fc48998000cbc39ec0d5311312dda93ecf92b39aaf184c5e817d5d440b29624",
                "sha256:60a78b694c9aee2a0f1aaeaa7d101cf713e92e8423a941d2897f4fa37908dab9",
                "sha256:64548cde61b692dc0dc379f4b5f59a2f582c2ebe7890d09c1ae3b9e66fa015b7",
                "sha256:681dc2451d6d846794a828c16c22dc452d924e9f700a485b7ecb887a30aad1fd",
                "sha256:6b1977c4ea97ce5eb7755a78fae68d87e4102e4aaf54985e8b56806849cc06a3",
                "sha256:6cfa7fe54fd4d1f47130017351a959fe5804bda7a0bc7e07a2cdbc3fdd28d34f",
                "sha256:738f08021b3142c2918c03692608baed43bc51144c29e35807682f8070ee2a3a",
                "sha256:747328be0c5b7075cde86a0e09d7a9196029800ba75a1689332348e998fb85c0",
                "sha256:758509ea3f1eba2a57558e7e98f4659d0ea7670bff49673b0dde18a3c7e6c0eb",
                "sha256:785ae29c1f5c6e7c2cde2c7c0e148147f4503da3abc5d44d482068da5322fd9e",
                "sha256:7aae78ab5e3206181780e56912d1b9bb9f90a7249ce12f0e8bf531d0462dd0fc",
                "sha256:7b02679a0d783bdae30d443025b94465d8c3dc512f32f5b5031f93f57ac32071",
                "sha256:7e2f3edca35664499fbb36e4770650c4bd4a08abc1f4458eab9df4ec56389730",
                "sha256:7e6bad1cd94f6764e1e21950542f818a09316645337fd5ab9a7acc45d99a8f35",
                "sha256:81fd938344fecb9373ba1b155968c8a329491d2ce38e7ddb76f30ffb938f12dc",
                "sha256:82210adabbc331dbb65d7868b105185464ef13f56f7f76688565ad79f648b0fe",
                "sha256:89815a22daf9c51884fb5dbe4f1ef65ee6a146e0b6a8df05f753e2e4a9359bf4",
                "sha256:8f1125e6bbf2f1657d9a2f3ccc4a2c9b0c8b176965bb565dd4d86be67eddb4b6",
                "sha256:8f4bb453f408137d7581be309b2fbc6868a80e7ef60c88e689078ee3a296ae71",
                "sha256:924817ab3141aca17893386ee13261f1d100d1ef410d70afe4389f2359fea4f0",
                "sha256:93c2af9e01e0ef80d95ae3c720be101227edae5f2fe7e3dc63d8857fadfc5a1d",
                "sha256:97c2b54ff6717a7a563b72627990bec60d8029df17df423f0ed37d56a17a176b",
                "sha256:9be2f15e53ce4e83cc08adc29b26fb5978db62ef2a366fbdf716c8a6c8901040",
                "sha256:9e2c6f77b9ad48ce5603b83b7da9ee3e36b3ab425353f695cba13200c5d96596",
                "sha256:a28f2612ab566b17f3698b0da021ff9960610301607c9a5e8eaca62f5e1c350a",
                "sha256:a355d99c4c0d8e5b770313b8b247411ed40949ca44e33e46a4789b9293a907ee",
                "sha256:a3b4350b13cc0e6f5bec8fa7caf29a8fb8cdc051a3bae45cfbfd7ce64f009965",
                "sha256:aaab0e307e344cb28d800957ef3ec16605146ef0e59e059a60a176d19543d1b7",
                "sha256:ac1e7817fd0ed3d14fd7c5df91daed84c48e4c2a11ee99c0547f9f62fdae13da",
                "sha256:adfab487facf03f0d0857b8710cf82d0704a309d8ffc33b03d9302b4c64e91a9",
                "sha256:b6d7ab1f01aa753188605b09a51faa44a3327400b00b8cce424c71910fc0a128",
                "sha256:bacdb58d9939d95cc557b4dbaa86527c9db2ac1ed76a18bc8d26f6dc8647d851",
                "sha256:be46a14693955b3bd96014ccbdb8339ee8c9346fbe11c1b78901b55125f14c73",
                "sha256:bf512a71a23504ed08103a13c941f763db13fb11177beb3d9244c98c29fb4a61",
                "sha256:c00e5c884f528c9932d278d5c9cbbea38a6b81eb62c02e06ae53751a83a4d52b",
                "sha256:c25d9e338d5bed46c1632f851babf3d13c78f49a225462017cf5e11e845c5891",
                "sha256:c336d61d2fe74a3195edc1646d53ff1cddd3a9600b09fa6ab75e5514ba4862a7",
                "sha256:cc3656283d11540ab0ea01978378e73e10002145117055e03722417aeab30994",
                "sha256:cf450f498c30af55551ba4f66b9123b7185362ec8b625a773b3d39aa1a717583",
                "sha256:d0ee06b5b5291f609ddb37b9750985b27bc567791bc87c76a569b3feed8481ac",
                "sha256:d480de377f5b687b6b1bc0c0407426da556e2a757633cc7e4d2e1a057aa688f3",
                "sha256:d56bc4011975f7460bea7b33e1ff425d2f1adf419935ff6707273c77f8a4ada6",
                "sha256:dd3c41254ee98604b08bd5b3af5bf0a89740d4ee0711de95b65166bf44091921",
                "sha256:e0d138c7ae532908cbb342162b2611dbd4d90c941cd25ab82084aaf71d2c0bd0",
                "sha256:e11769a1dbda4da7b00a76cfffa67aa47cfa66921d2724539eee4b9ede780b79",
                "sha256:e3f0a41487fd5fad7e760b9e8a90e251e27c2816fbc2cff36a22a0e6bcbbd9dd",
                "sha256:e692aa2d1d604e6ca12d35e51fdc36f4cda6345e28e36374579f7ef3611b3012",
                "sha256:e70a57ecf89a0f64c24e37f38d3fe217a58169d2fe6ed6d70554964042474023",
                "sha256:e96baa6820280077a78244b2e06e416480ed859bbd8e5d641cf5742919d8beb4",
                "sha256:eb5656019db7c4deacf0c1a55a898c5bb8f989be904597fcb5232a2f4828fa05",
                "sha256:eca45e982fa074090057132e30585a7e8674e9e885d402eae85633e9f449ce6c",
                "sha256:f0af2bd2bc204fa27f3d6711d0f360e6b8c684a035206257a81673ab924aa11e",
                "sha256:f7cdf7f26c2286ffb02e46d7bac56c94655540b26347673bea15fa52a6af17e9",
                "sha256:fd1a720332ea335ceb544cf0a03f81df92abd4bb887679fd1e460976b0e6214b",
                "sha256:ff8baf1f8d3f4b6b7257fcb75a501f2a5499d0dda57645baa09d4d0d34b19444"
            ],
            "markers": "python_version >= '3.9'",
            "version": "==0.8.1"
        },
        "mccabe": {
            "hashes": [
                "sha256:348e0240c33b60bbdf4e523192ef919f28cb2c3d7d5c7794f74009290f236325",
                "sha256:6c2d30ab6be0e4a46919781807b4f0d834ebdd6c6e3dca0bda5a15f863427b6e"
            ],
            "markers": "python_version >= '3.6'",
            "version": "==0.7.0"
        },
        "mypy": {
            "hashes": [
                "sha256:002b613ae19f4ac7d18b7e168ffe1cb9013b37c57f7411984abbd3b817b0a214",
                "sha256:00e047c74d3ec6e71a2eb88e9ea551a2edb90c21f993aefa9e0d2a898e0bb732",
                "sha256:02cca0761c75b42a20a2757ae58713276605eb29a08dd8a6e092aa347c4115ca",
                "sha256:0ecd63f75fdd30327e4ad8b5704bd6d91fc6c1b2e029f8ee14705e1207212489",
                "sha256:0f42dfaab7ec1baff3b383ad7af562ab0de573c5f6edb44b2dab016082b89948",
                "sha256:1973868d2adbb4584a3835780b27436f06d1dc606af5be09f187aaa25be1070f",
                "sha256:26c8b52627b6552f47ff11adb4e1509605f094e29815323e487fc0053ebe93d1",
                "sha256:2721f0ce49cb74a38f00c50da67cb7d36317b5eda38877a49614dc018e91c787",
                "sha256:2fcedb16d456106e545b2bfd7ef9d24e70b38ec252d2a629823a4d07ebcdb69e",
                "sha256:31b5dbb55293c1bd27c0fc813a0d2bb5ceef9d65ac5afa2e58f829dab7921fd5",
                "sha256:34506397dbf40c15dc567635d18a21d33827e9ab29014fb83d292a8f4f8953b6",
                "sha256:367e5c993ba34d5054d11937d0485ad6dfc60ba760fa326c01090fc256adf15c",
                "sha256:379edf079ce44ac8d2805bcf9b3dd7340d4f97aad3a5e0ebabbf9d125b84b442",
                "sha256:39362cdb4ba5f916e7976fccecaab1ba3a83e35f60fa68b64e9a70e221bb2436",
                "sha256:4525e7010b1b38334516181c5b81e16180b8e149e6684cee5a727c78186b4e3b",
                "sha256:47781555a7aa5fedcc2d16bcd72e0dc83eb272c10dd657f9fb3f9cc08e2e6abb",
                "sha256:49d11c6f573a5a08f77fad13faff2139f6d0730ebed2cfa9b3d2702671dd7188",
                "sha256:555493c44a4f5a1b58d611a43333e71a9981c6dbe26270377b6f8174126a0526",
                "sha256:555658c611099455b2da507582ea20d2043dfdfe7f5ad0add472b1c6238b433f",
                "sha256:697f102c5c1d526bdd761a69f17c6070f9892eebcb94b1a5963d679288c09e78",
                "sha256:76a70bf840495729be47510856b978f1b0ec7d08f257ca38c9d932720bf6b43e",
                "sha256:7d3243c406773185144527f83be0e0aefc7bf4601b0b2b956665608bf7c98a83",
                "sha256:931a7630bba591593dcf6e97224a21ff80fb357e7982628d25e3c618e7f598ef",
                "sha256:9804c3ad27f78e54e58b32e7cb532d128b43dbfb9f3f9f06262b821a0f6bd3f5",
                "sha256:a17c5d0bdcca61ce24a35beb828a2d0d323d3fcf387d7512206888c900193367",
                "sha256:a6e0641147cbfa7e4e94efdb95c2dab1aff8cfc159ded13e07f308ddccc8c48e",
                "sha256:a79c1eba7ac4209f2d850f0edd0a2f8bba88cbfdfefe6fb76a19e9d4fe5e71a2",
                "sha256:a9336b5e6712f4adaf5afc3203a99a40b379049104349d747eb3e5a3aa23ac2e",
                "sha256:b20c8b0fd5877abdf402e79a3af987053de07e6fb208c18df6659f708b535134",
                "sha256:b3a49064504be59e59da664c5e149edc1f26c67c4f8e8456f6ba6aba55033018",
                "sha256:b503ab55a836136b619b5fc21c8803d810c5b87551af8600b72eecafb0059cb0",
                "sha256:bd0212976dc57a5bfeede7c219e7cd66568a32c05c9129686dd487c059c1b88a",
                "sha256:c70380fe5d64010f79fb863b9081c7004dd65225d2277333c219d93a10dad4dd",
                "sha256:d99f515f95fd03a90875fdb2cca12ff074aa04490db4d190905851bdf8a549a8",
                "sha256:e80cf77847d0d3e6e3111b7b25db32a7f8762fd4b9a3a72ce53fe16a2863b281",
                "sha256:eb96c84efcc33f0b5e0e04beacf00129dd963b67226b01c00b9dfc8affb464c3",
                "sha256:ebea00201737ad4391142808ed16e875add5c17f676e0912b387739f84991e13",
                "sha256:efe8d70949c3023698c3fca1e94527e7e790a361ab8116f90d11221421cd8726",
                "sha256:f13b3e41bce9d257eded794c0f12878af3129d80aacd8a3ee0dee51f3a978651",
                "sha256:f194db59657c58593a3c47c6dfd7bad4ef4ac12dbc94d01b3a95521f78177e33",
                "sha256:f49590891d2c2f8a9de15614e32e459a794bcba84693c2394291a2038bbaaa69",
                "sha256:f75ff57defcd0f1d6e006d721ccdec6c88d4f6a7816eb92f1c4890d979d9ee62",
                "sha256:f799d9db89fc00446f03281f84a221e50018fc40113a3ba9864b132895619ebe",
                "sha256:f8426d4d75d68714abc17a4292d922f6ba2cfb984b72c2278c437f6dae797865"
            ],
            "index": "pypi",
            "markers": "python_version >= '3.10'",
            "version": "==1.20.0"
        },
        "mypy-extensions": {
            "hashes": [
                "sha256:1be4cccdb0f2482337c4743e60421de3a356cd97508abadd57d47403e94f5505",
                "sha256:52e68efc3284861e772bbcd66823fde5ae21fd2fdb51c62a211403730b916558"
            ],
            "markers": "python_version >= '3.8'",
            "version": "==1.1.0"
        },
        "packaging": {
            "hashes": [
                "sha256:00243ae351a257117b6a241061796684b084ed1c516a08c48a3f7e147a9d80b4",
                "sha256:b36f1fef9334a5588b4166f8bcd26a14e521f2b55e6b9de3aaa80d3ff7a37529"
            ],
            "markers": "python_version >= '3.8'",
            "version": "==26.0"
        },
        "pathspec": {
            "hashes": [
                "sha256:0210e2ae8a21a9137c0d470578cb0e595af87edaa6ebf12ff176f14a02e0e645",
                "sha256:fb6ae2fd4e7c921a165808a552060e722767cfa526f99ca5156ed2ce45a5c723"
            ],
            "markers": "python_version >= '3.9'",
            "version": "==1.0.4"
        },
        "platformdirs": {
            "hashes": [
                "sha256:1ec356301b7dc906d83f371c8f487070e99d3ccf9e501686456394622a01a934",
                "sha256:68a9a4619a666ea6439f2ff250c12a853cd1cbd5158d258bd824a7df6be2f868"
            ],
            "markers": "python_version >= '3.10'",
            "version": "==4.9.4"
        },
        "pluggy": {
            "hashes": [
                "sha256:7dcc130b76258d33b90f61b658791dede3486c3e6bfb003ee5c9bfb396dd22f3",
                "sha256:e920276dd6813095e9377c0bc5566d94c932c33b27a3e3945d8389c374dd4746"
            ],
            "markers": "python_version >= '3.9'",
            "version": "==1.6.0"
        },
        "pygments": {
            "hashes": [
                "sha256:636cb2477cec7f8952536970bc533bc43743542f70392ae026374600add5b887",
                "sha256:86540386c03d588bb81d44bc3928634ff26449851e99741617ecb9037ee5ec0b"
            ],
            "markers": "python_version >= '3.8'",
            "version": "==2.19.2"
        },
        "pylint": {
            "hashes": [
                "sha256:00f51c9b14a3b3ae08cff6b2cdd43f28165c78b165b628692e428fb1f8dc2cf2",
                "sha256:8cd6a618df75deb013bd7eb98327a95f02a6fb839205a6bbf5456ef96afb317c"
            ],
            "index": "pypi",
            "markers": "python_full_version >= '3.10.0'",
            "version": "==4.0.5"
        },
        "pytest": {
            "hashes": [
                "sha256:711ffd45bf766d5264d487b917733b453d917afd2b0ad65223959f59089f875b",
                "sha256:75186651a92bd89611d1d9fc20f0b4345fd827c41ccd5c299a868a05d70edf11"
            ],
            "index": "pypi",
            "markers": "python_version >= '3.10'",
            "version": "==9.0.2"
        },
        "pytest-cov": {
            "hashes": [
                "sha256:33c97eda2e049a0c5298e91f519302a1334c26ac65c1a483d6206fd458361af1",
                "sha256:3b8e9558b16cc1479da72058bdecf8073661c7f57f7d3c5f22a1c23507f2d861"
            ],
            "index": "pypi",
            "markers": "python_version >= '3.9'",
            "version": "==7.0.0"
        },
        "pytokens": {
            "hashes": [
                "sha256:0fc71786e629cef478cbf29d7ea1923299181d0699dbe7c3c0f4a583811d9fc1",
                "sha256:11edda0942da80ff58c4408407616a310adecae1ddd22eef8c692fe266fa5009",
                "sha256:140709331e846b728475786df8aeb27d24f48cbcf7bcd449f8de75cae7a45083",
                "sha256:24afde1f53d95348b5a0eb19488661147285ca4dd7ed752bbc3e1c6242a304d1",
                "sha256:26cef14744a8385f35d0e095dc8b3a7583f6c953c2e3d269c7f82484bf5ad2de",
                "sha256:27b83ad28825978742beef057bfe406ad6ed524b2d28c252c5de7b4a6dd48fa2",
                "sha256:292052fe80923aae2260c073f822ceba21f3872ced9a68bb7953b348e561179a",
                "sha256:29d1d8fb1030af4d231789959f21821ab6325e463f0503a61d204343c9b355d1",
                "sha256:2a44ed93ea23415c54f3face3b65ef2b844d96aeb3455b8a69b3df6beab6acc5",
                "sha256:30f51edd9bb7f85c748979384165601d028b84f7bd13fe14d3e065304093916a",
                "sha256:34bcc734bd2f2d5fe3b34e7b3c0116bfb2397f2d9666139988e7a3eb5f7400e3",
                "sha256:3ad72b851e781478366288743198101e5eb34a414f1d5627cdd585ca3b25f1db",
                "sha256:3f901fe783e06e48e8cbdc82d631fca8f118333798193e026a50ce1b3757ea68",
                "sha256:42f144f3aafa5d92bad964d471a581651e28b24434d184871bd02e3a0d956037",
                "sha256:4a14d5f5fc78ce85e426aa159489e2d5961acf0e47575e08f35584009178e321",
                "sha256:4a58d057208cb9075c144950d789511220b07636dd2e4708d5645d24de666bdc",
                "sha256:4e691d7f5186bd2842c14813f79f8884bb03f5995f0575272009982c5ac6c0f7",
                "sha256:5502408cab1cb18e128570f8d598981c68a50d0cbd7c61312a90507cd3a1276f",
                "sha256:584c80c24b078eec1e227079d56dc22ff755e0ba8654d8383b2c549107528918",
                "sha256:5ad948d085ed6c16413eb5fec6b3e02fa00dc29a2534f088d3302c47eb59adf9",
                "sha256:670d286910b531c7b7e3c0b453fd8156f250adb140146d234a82219459b9640c",
                "sha256:682fa37ff4d8e95f7df6fe6fe6a431e8ed8e788023c6bcc0f0880a12eab80ad1",
                "sha256:6d6c4268598f762bc8e91f5dbf2ab2f61f7b95bdc07953b602db879b3c8c18e1",
                "sha256:79fc6b8699564e1f9b521582c35435f1bd32dd06822322ec44afdeba666d8cb3",
                "sha256:8bdb9d0ce90cbf99c525e75a2fa415144fd570a1ba987380190e8b786bc6ef9b",
                "sha256:8fcb9ba3709ff77e77f1c7022ff11d13553f3c30299a9fe246a166903e9091eb",
                "sha256:941d4343bf27b605e9213b26bfa1c4bf197c9c599a9627eb7305b0defcfe40c1",
                "sha256:967cf6e3fd4adf7de8fc73cd3043754ae79c36475c1c11d514fc72cf5490094a",
                "sha256:970b08dd6b86058b6dc07efe9e98414f5102974716232d10f32ff39701e841c4",
                "sha256:97f50fd18543be72da51dd505e2ed20d2228c74e0464e4262e4899797803d7fa",
                "sha256:9bd7d7f544d362576be74f9d5901a22f317efc20046efe2034dced238cbbfe78",
                "sha256:add8bf86b71a5d9fb5b89f023a80b791e04fba57960aa790cc6125f7f1d39dfe",
                "sha256:b35d7e5ad269804f6697727702da3c517bb8a5228afa450ab0fa787732055fc9",
                "sha256:b49750419d300e2b5a3813cf229d4e5a4c728dae470bcc89867a9ad6f25a722d",
                "sha256:d31b97b3de0f61571a124a00ffe9a81fb9939146c122c11060725bd5aea79975",
                "sha256:d70e77c55ae8380c91c0c18dea05951482e263982911fc7410b1ffd1dadd3440",
                "sha256:d9907d61f15bf7261d7e775bd5d7ee4d2930e04424bab1972591918497623a16",
                "sha256:da5baeaf7116dced9c6bb76dc31ba04a2dc3695f3d9f74741d7910122b456edc",
                "sha256:dc74c035f9bfca0255c1af77ddd2d6ae8419012805453e4b0e7513e17904545d",
                "sha256:dcafc12c30dbaf1e2af0490978352e0c4041a7cde31f4f81435c2a5e8b9cabb6",
                "sha256:ee44d0f85b803321710f9239f335aafe16553b39106384cef8e6de40cb4ef2f6",
                "sha256:f66a6bbe741bd431f6d741e617e0f39ec7257ca1f89089593479347cc4d13324"
            ],
            "markers": "python_version >= '3.8'",
            "version": "==0.4.1"
        },
        "tomli": {
            "hashes": [
                "sha256:939de3e7a6161af0c887ef91b7d41a53e7c5a1ca976325f429cb46ea9bc30ecc",
                "sha256:de526c12914f0c550d15924c62d72abc48d6fe7364aa87328337a31007fe8a4f"
            ],
            "markers": "python_version < '3.11'",
            "version": "==2.0.1"
        },
        "tomlkit": {
            "hashes": [
                "sha256:592064ed85b40fa213469f81ac584f67a4f2992509a7c3ea2d632208623a3680",
                "sha256:cf00efca415dbd57575befb1f6634c4f42d2d87dbba376128adb42c121b87064"
            ],
            "markers": "python_version >= '3.9'",
            "version": "==0.14.0"
        },
        "typing-extensions": {
            "hashes": [
                "sha256:0cea48d173cc12fa28ecabc3b837ea3cf6f38c6d1136f85cbaaf598984861466",
                "sha256:f0fa19c6845758ab08074a0cfa8b7aecb71c999ca73d62883bc25cc018c4e548"
            ],
            "markers": "python_version >= '3.9'",
            "version": "==4.15.0"
        }
    }
}
