{
    "_meta": {
        "hash": {
            "sha256": "603005fe9c7edf1005c210c91aeff5e2fad840edb7dfdacca600d15274902c74"
        },
        "pipfile-spec": 6,
        "requires": {
            "python_version": "3"
        },
        "sources": [
            {
                "name": "pypi",
                "url": "https://pypi.org/simple",
                "verify_ssl": true
            }
        ]
    },
    "default": {
        "apscheduler": {
            "hashes": [
                "sha256:3bb5229eed6fbbdafc13ce962712ae66e175aa214c69bed35a06bffcf0c5e244",
                "sha256:e8b1ecdb4c7cb2818913f766d5898183c7cb8936680710a4d3a966e02262e526"
            ],
            "version": "==3.6.3"
        },
        "cachetools": {
            "hashes": [
                "sha256:2cc0b89715337ab6dbba85b5b50effe2b0c74e035d83ee8ed637cf52f12ae001",
                "sha256:61b5ed1e22a0924aed1d23b478f37e8d52549ff8a961de2909c69bf950020cff"
            ],
            "markers": "python_version ~= '3.5'",
            "version": "==4.2.2"
        },
        "certifi": {
            "hashes": [
                "sha256:3d5da6925056f6f18f119200434a4780a94263f10d1c21d032a6f6b2baa20651",
                "sha256:ca78db4565a652026a4db2bcdf68f2fb589ea80d0be70e03929ed730746b84fe"
            ],
            "markers": "python_version >= '3.6'",
            "version": "==2025.1.31"
        },
        "location-guessing-game-telegram-bot": {
            "editable": true,
            "path": "."
        },
        "python-telegram-bot": {
            "hashes": [
                "sha256:06780c258d3f2a3c6c79a7aeb45714f4cd1dd6275941b7dc4628bba64fddd465",
                "sha256:b4047606b8081b62bbd6aa361f7ca1efe87fa8f1881ec9d932d35844bf57a154"
            ],
            "markers": "python_version >= '3.7'",
            "version": "==13.15"
        },
        "pytz": {
            "hashes": [
                "sha256:89dd22dca55b46eac6eda23b2d72721bf1bdfef212645d81513ef5d03038de57",
                "sha256:c2db42be2a2518b28e65f9207c4d05e6ff547d1efa4086469ef855e4ab70178e"
            ],
            "version": "==2025.1"
        },
        "setuptools": {
            "hashes": [
                "sha256:062d34222ad13e0cc312a4c02d73f059e86a4acbfbdea8f8f76b28c99f306922",
                "sha256:f36b47402ecde768dbfafc46e8e4207b4360c654f1f3bb84475f0a28628fb19c"
            ],
            "index": "pypi",
            "markers": "python_version >= '3.9'",
            "version": "==80.9.0"
        },
        "six": {
            "hashes": [
                "sha256:4721f391ed90541fddacab5acf947aa0d3dc7d27b2e1e8eda2be8970586c3274",
                "sha256:ff70335d468e7eb6ec65b95b99d3a2836546063f63acc5171de367e834932a81"
            ],
            "markers": "python_version >= '2.7' and python_version not in '3.0, 3.1, 3.2, 3.3'",
            "version": "==1.17.0"
        },
        "tornado": {
            "hashes": [
                "sha256:0a00ff4561e2929a2c37ce706cb8233b7907e0cdc22eab98888aca5dd3775feb",
                "sha256:0d321a39c36e5f2c4ff12b4ed58d41390460f798422c4504e09eb5678e09998c",
                "sha256:1e8225a1070cd8eec59a996c43229fe8f95689cb16e552d130b9793cb570a288",
                "sha256:20241b3cb4f425e971cb0a8e4ffc9b0a861530ae3c52f2b0434e6c1b57e9fd95",
                "sha256:25ad220258349a12ae87ede08a7b04aca51237721f63b1808d39bdb4b2164558",
                "sha256:33892118b165401f291070100d6d09359ca74addda679b60390b09f8ef325ffe",
                "sha256:33c6e81d7bd55b468d2e793517c909b139960b6c790a60b7991b9b6b76fb9791",
                "sha256:3447475585bae2e77ecb832fc0300c3695516a47d46cefa0528181a34c5b9d3d",
                "sha256:34ca2dac9e4d7afb0bed4677512e36a52f09caa6fded70b4e3e1c89dbd92c326",
                "sha256:3e63498f680547ed24d2c71e6497f24bca791aca2fe116dbc2bd0ac7f191691b",
                "sha256:548430be2740e327b3fe0201abe471f314741efcb0067ec4f2d7dcfb4825f3e4",
                "sha256:6196a5c39286cc37c024cd78834fb9345e464525d8991c21e908cc046d1cc02c",
                "sha256:61b32d06ae8a036a6607805e6720ef00a3c98207038444ba7fd3d169cd998910",
                "sha256:6286efab1ed6e74b7028327365cf7346b1d777d63ab30e21a0f4d5b275fc17d5",
                "sha256:65d98939f1a2e74b58839f8c4dab3b6b3c1ce84972ae712be02845e65391ac7c",
                "sha256:66324e4e1beede9ac79e60f88de548da58b1f8ab4b2f1354d8375774f997e6c0",
                "sha256:6c77c9937962577a6a76917845d06af6ab9197702a42e1346d8ae2e76b5e3675",
                "sha256:70dec29e8ac485dbf57481baee40781c63e381bebea080991893cd297742b8fd",
                "sha256:7250a3fa399f08ec9cb3f7b1b987955d17e044f1ade821b32e5f435130250d7f",
                "sha256:748290bf9112b581c525e6e6d3820621ff020ed95af6f17fedef416b27ed564c",
                "sha256:7da13da6f985aab7f6f28debab00c67ff9cbacd588e8477034c0652ac141feea",
                "sha256:8f959b26f2634a091bb42241c3ed8d3cedb506e7c27b8dd5c7b9f745318ddbb6",
                "sha256:9de9e5188a782be6b1ce866e8a51bc76a0fbaa0e16613823fc38e4fc2556ad05",
                "sha256:a48900ecea1cbb71b8c71c620dee15b62f85f7c14189bdeee54966fbd9a0c5bd",
                "sha256:b87936fd2c317b6ee08a5741ea06b9d11a6074ef4cc42e031bc6403f82a32575",
                "sha256:c77da1263aa361938476f04c4b6c8916001b90b2c2fdd92d8d535e1af48fba5a",
                "sha256:cb5ec8eead331e3bb4ce8066cf06d2dfef1bfb1b2a73082dfe8a161301b76e37",
                "sha256:cc0ee35043162abbf717b7df924597ade8e5395e7b66d18270116f8745ceb795",
                "sha256:d14d30e7f46a0476efb0deb5b61343b1526f73ebb5ed84f23dc794bdb88f9d9f",
                "sha256:d371e811d6b156d82aa5f9a4e08b58debf97c302a35714f6f45e35139c332e32",
                "sha256:d3d20ea5782ba63ed13bc2b8c291a053c8d807a8fa927d941bd718468f7b950c",
                "sha256:d3f7594930c423fd9f5d1a76bee85a2c36fd8b4b16921cae7e965f22575e9c01",
                "sha256:dcef026f608f678c118779cd6591c8af6e9b4155c44e0d1bc0c87c036fb8c8c4",
                "sha256:e0791ac58d91ac58f694d8d2957884df8e4e2f6687cdf367ef7eb7497f79eaa2",
                "sha256:e385b637ac3acaae8022e7e47dfa7b83d3620e432e3ecb9a3f7f58f150e50921",
                "sha256:e519d64089b0876c7b467274468709dadf11e41d65f63bba207e04217f47c085",
                "sha256:e7229e60ac41a1202444497ddde70a48d33909e484f96eb0da9baf8dc68541df",
                "sha256:ed3ad863b1b40cd1d4bd21e7498329ccaece75db5a5bf58cd3c9f130843e7102",
                "sha256:f0ba29bafd8e7e22920567ce0d232c26d4d47c8b5cf4ed7b562b5db39fa199c5",
                "sha256:fa2ba70284fa42c2a5ecb35e322e68823288a4251f9ba9cc77be04ae15eada68",
                "sha256:fba85b6cd9c39be262fcd23865652920832b61583de2a2ca907dbd8e8a8c81e5"
            ],
            "markers": "python_version >= '3.5'",
            "version": "==6.1"
        },
        "tzlocal": {
            "hashes": [
                "sha256:49816ef2fe65ea8ac19d19aa7a1ae0551c834303d5014c6d5a62e4cbda8047b8",
                "sha256:8d399205578f1a9342816409cc1e46a93ebd5755e39ea2d85334bea911bf0e6e"
            ],
            "markers": "python_version >= '3.8'",
            "version": "==5.2"
        }
    },
    "develop": {
        "astroid": {
            "hashes": [
                "sha256:1e5a5011af2920c7c67a53f65d536d65bfa7116feeaf2354d8b94f29573bb0ce",
                "sha256:54c760ae8322ece1abd213057c4b5bba7c49818853fc901ef09719a60dbf9dec"
            ],
            "markers": "python_full_version >= '3.9.0'",
            "version": "==3.3.11"
        },
        "black": {
            "hashes": [
                "sha256:030b9759066a4ee5e5aca28c3c77f9c64789cdd4de8ac1df642c40b708be6171",
                "sha256:055e59b198df7ac0b7efca5ad7ff2516bca343276c466be72eb04a3bcc1f82d7",
                "sha256:0e519ecf93120f34243e6b0054db49c00a35f84f195d5bce7e9f5cfc578fc2da",
                "sha256:172b1dbff09f86ce6f4eb8edf9dede08b1fce58ba194c87d7a4f1a5aa2f5b3c2",
                "sha256:1e2978f6df243b155ef5fa7e558a43037c3079093ed5d10fd84c43900f2d8ecc",
                "sha256:33496d5cd1222ad73391352b4ae8da15253c5de89b93a80b3e2c8d9a19ec2666",
                "sha256:3b48735872ec535027d979e8dcb20bf4f70b5ac75a8ea99f127c106a7d7aba9f",
                "sha256:4b60580e829091e6f9238c848ea6750efed72140b91b048770b64e74fe04908b",
                "sha256:759e7ec1e050a15f89b770cefbf91ebee8917aac5c20483bc2d80a6c3a04df32",
                "sha256:8f0b18a02996a836cc9c9c78e5babec10930862827b1b724ddfe98ccf2f2fe4f",
                "sha256:95e8176dae143ba9097f351d174fdaf0ccd29efb414b362ae3fd72bf0f710717",
                "sha256:96c1c7cd856bba8e20094e36e0f948718dc688dba4a9d78c3adde52b9e6c2299",
                "sha256:a1ee0a0c330f7b5130ce0caed9936a904793576ef4d2b98c40835d6a65afa6a0",
                "sha256:a22f402b410566e2d1c950708c77ebf5ebd5d0d88a6a2e87c86d9fb48afa0d18",
                "sha256:a39337598244de4bae26475f77dda852ea00a93bd4c728e09eacd827ec929df0",
                "sha256:afebb7098bfbc70037a053b91ae8437c3857482d3a690fefc03e9ff7aa9a5fd3",
                "sha256:bacabb307dca5ebaf9c118d2d2f6903da0d62c9faa82bd21a33eecc319559355",
                "sha256:bce2e264d59c91e52d8000d507eb20a9aca4a778731a08cfff7e5ac4a4bb7096",
                "sha256:d9e6827d563a2c820772b32ce8a42828dc6790f095f441beef18f96aa6f8294e",
                "sha256:db8ea9917d6f8fc62abd90d944920d95e73c83a5ee3383493e35d271aca872e9",
                "sha256:ea0213189960bda9cf99be5b8c8ce66bb054af5e9e861249cd23471bd7b0b3ba",
                "sha256:f3df5f1bf91d36002b0a75389ca8663510cf0531cca8aa5c1ef695b46d98655f"
            ],
            "index": "pypi",
            "markers": "python_version >= '3.9'",
            "version": "==25.1.0"
        },
        "click": {
            "hashes": [
                "sha256:63c132bbbed01578a06712a2d1f497bb62d9c1c0d329b7903a866228027263b2",
                "sha256:ed53c9d8990d83c2a27deae68e4ee337473f6330c040a31d4225c9574d16096a"
            ],
            "markers": "python_version >= '3.7'",
            "version": "==8.1.8"
        },
        "coverage": {
            "extras": [
                "toml"
            ],
            "hashes": [
                "sha256:01cbc2c36895b7ab906514042c92b3fc9dd0526bf1c3251cb6aefd9c71ae6dda",
                "sha256:0eb6e99487dffd28c88a4fc2ea4286beaf0207a43388775900c93e56cc5a8ae3",
                "sha256:122c60e92ab66c9c88e17565f67a91b3b3be5617cb50f73cfd34a4c60ed4aab0",
                "sha256:18223198464a6d5549db1934cf77a15deb24bb88652c4f5f7cb21cd3ad853704",
                "sha256:1a93b43de2233a7670a8bf2520fed8ebd5eea6a65b47417500a9d882b0533fa2",
                "sha256:1abd41781c874e716aaeecb8b27db5f4f2bc568f2ed8d41228aa087d567674f0",
                "sha256:1ac62880a9dff0726a193ce77a1bcdd4e8491009cb3a0510d31381e8b2c46d7a",
                "sha256:1edc2244932e9fed92ad14428b9480a97ecd37c970333688bd35048f6472f260",
                "sha256:244f613617876b7cd32a097788d49c952a8f1698afb25275b2a825a4e895854e",
                "sha256:24e6f8e5f125cd8bff33593a484a079305c9f0be911f76c6432f580ade5c1a17",
                "sha256:298d2917a6bfadbb272e08545ed026af3965e4d2fe71e3f38bf0a816818b226e",
                "sha256:29dea81eef5432076cee561329b3831bc988a4ce1bfaec90eee2078ff5311e6e",
                "sha256:2debc0b9481b5fc76f771b3b31e89a0cd8791ad977654940a3523f3f2e5d98fe",
                "sha256:304ded640bc2a60f14a2ff0fec98cce4c3f2e573c122f0548728c8dceba5abe7",
                "sha256:38a5642aa82ea6de0e4331e346f5ba188a9fdb7d727e00199f55031b85135d0a",
                "sha256:3b00194ff3c84d4b821822ff6c041f245fc55d0d5c7833fc4311d082e97595e8",
                "sha256:3d494fa4256e3cb161ca1df14a91d2d703c27d60452eb0d4a58bb05f52f676e4",
                "sha256:3f05e0f5e87f23d43fefe49e86655c6209dd4f9f034786b983e6803cf4554183",
                "sha256:46b9dc640c6309fb49625d3569d4ba7abe2afcba645eb1e52bad97510f60ac26",
                "sha256:4cc555a3e6ceb8841df01a4634374f5f9635e661f5c307da00bce19819e8bcdf",
                "sha256:512b1ea57a11dfa23b7f3d8fe8690fcf8cd983a70ae4c2c262cf5c972618fa15",
                "sha256:549ea4ca901595bbe3270e1afdef98bf5d4d5791596efbdc90b00449a2bb1f91",
                "sha256:55b7b9df45174956e0f719a56cf60c0cb4a7f155668881d00de6384e2a3402f4",
                "sha256:589e37ae75d81fd53cd1ca624e07af4466e9e4ce259e3bfe2b147896857c06ea",
                "sha256:5c335d77539e66bc6f83e8f1ef207d038129d9b9acd9dc9f0ca42fa9eedf564a",
                "sha256:62f465886fa4f86d5515da525aead97c5dff13a5cf997fc4c5097a1a59e063b2",
                "sha256:64dab59d812c1cbfc9cebadada377365874964acdf59b12e86487d25c2e0c29f",
                "sha256:673a4d2cb7ec78e1f2f6f41039f6785f27bca0f6bc0e722b53a58286d12754e1",
                "sha256:6b335c7077c8da7bb8173d4f9ebd90ff1a97af6a6bec4fc4e6db4856ae80b31e",
                "sha256:79ea9a26b27c963cdf541e1eb9ac05311b012bc367d0e31816f1833b06c81c02",
                "sha256:7b3482588772b6b24601d1677aef299af28d6c212c70b0be27bdfc2e10fb00fe",
                "sha256:7d7b7425215963da8f5968096a20c5b5c9af4a86a950fcc25dcc2177ab33e9e5",
                "sha256:813c11b367a6b3cf37212ec36b230f8d086c22b69dbf62877b40939fb2c79e74",
                "sha256:81da3b6e289bf9fc7dc159ab6d5222f5330ac6e94a6d06f147ba46e53fa6ec82",
                "sha256:87bceebbc91a58c9264c43638729fcb45910805b9f86444f93654d988305b3a2",
                "sha256:89358f4025ed424861311b33815a2866f7c94856c932b0ffc98180f655e813e2",
                "sha256:8c5ff4ca4890c0b57d3e80850534609493280c0f9e6ea2bd314b10cb8cbd76e0",
                "sha256:8cae1d4450945c74a6a65a09864ed3eaa917055cf70aa65f83ac1b9b0d8d5f9a",
                "sha256:8e0a3a3f9b968007e1f56418a3586f9a983c84ac4e84d28d1c4f8b76c4226282",
                "sha256:95314eb306cf54af3d1147e27ba008cf78eed6f1309a1310772f4f05b12c9c65",
                "sha256:969ed1ed0ab0325b50af3204f9024782180e64fb281f5a2952f479ec60a02aba",
                "sha256:9c5dcb5cd3c52d84c5f52045e1c87c16bf189c2fbfa57cc0d811a3b4059939df",
                "sha256:a02efe6769f74245ce476e89db3d4e110db07b4c0c3d3f81728e2464bbbbcb8e",
                "sha256:a1b0317b4a8ff4d3703cd7aa642b4f963a71255abe4e878659f768238fab6602",
                "sha256:aa34ca040785a2b768da489df0c036364d47a6c1c00bdd8f662b98fd3277d3d4",
                "sha256:b361684a91224d4362879c1b1802168d2435ff76666f1b7ba52fc300ad832dbc",
                "sha256:b52d2fdc1940f90c4572bd48211475a7b102f75a7f9a5e6cfc6e3da7dc380c44",
                "sha256:b613efceeabf242978d14e1a65626ec3be67c5261918a82a985f56c2a05475ee",
                "sha256:c30eed34eb8206d9b8c2d0d9fa342fa98e10f34b1e9e1eb05f79ccbf4499c8ff",
                "sha256:c425c85ddb62b32d44f83fb20044fe32edceceee1db1f978c062eec020a73ea5",
                "sha256:c5cbf3ddfb68de8dc8ce33caa9321df27297a032aeaf2e99b278f183fb4ebc37",
                "sha256:cb3c07dd71d1ff52156d35ee6fa48458c3cec1add7fcce6a934f977fb80c48a5",
                "sha256:ccf1540a0e82ff525844880f988f6caaa2d037005e57bfe203b71cac7626145d",
                "sha256:cd052a0c4727ede06393da3c1df1ae6ef6c079e6bdfefb39079877404b3edc22",
                "sha256:d0a1f7676bc90ceba67caa66850d689947d586f204ccf6478400c2bf39da5790",
                "sha256:d7b263910234c0d5ec913ec79ca921152fe874b805a7bcaf67118ef71708e5d2",
                "sha256:d8f3ca1f128f11812d3baf0a482e7f36ffb856ac1ae14de3b5d1adcfb7af955d",
                "sha256:d9be5d26e5f817d478506e4d3c4ff7b92f17d980670b4791bf05baaa37ce2f88",
                "sha256:dc2784edd9ac9fe8692fc5505667deb0b05d895c016aaaf641031ed4a5f93d53",
                "sha256:dd62d62e782d3add529c8e7943f5600efd0d07dadf3819e5f9917edb4acf85d8",
                "sha256:e3ec9e1525eb7a0f89d31083539b398d921415d884e9f55400002a1e9fe0cf63",
                "sha256:e7dcfa92867b0c53d2e22e985c66af946dc09e8bb13c556709e396e90a0adf5c",
                "sha256:ec8b92a7617faa2017bd44c94583830bab8be175722d420501680abc4f5bc794",
                "sha256:f17055c50768d710d6abc789c9469d0353574780935e1381b83e63edc49ff530",
                "sha256:f73fd1128165e1d665cb7f863a91d00f073044a672c7dfa04ab400af4d1a9226",
                "sha256:f75288785cc9a67aff3b04dafd8d0f0be67306018b224d319d23867a161578d6",
                "sha256:f9a384ea4f77ac0a7e36c9a805ed95ef10f423bdb68b4e9487646cdf548a6a05"
            ],
            "markers": "python_version >= '3.9'",
            "version": "==7.9.0"
        },
        "dill": {
            "hashes": [
                "sha256:0633f1d2df477324f53a895b02c901fb961bdbf65a17122586ea7019292cbcf0",
                "sha256:44f54bf6412c2c8464c14e8243eb163690a9800dbe2c367330883b19c7561049"
            ],
            "markers": "python_version >= '0' and python_version >= '0'",
            "version": "==0.4.0"
        },
        "exceptiongroup": {
            "hashes": [
                "sha256:12c3e887d6485d16943a309616de20ae5582633e0a2eda17f4e10fd61c1e8af5",
                "sha256:e346e69d186172ca7cf029c8c1d16235aa0e04035e5750b4b95039e65204328f"
            ],
            "markers": "python_version < '3.11'",
            "version": "==1.1.2"
        },
        "iniconfig": {
            "hashes": [
                "sha256:3abbd2e30b36733fee78f9c7f7308f2d0050e88f0087fd25c2645f63c773e1c7",
                "sha256:9deba5723312380e77435581c6bf4935c94cbfab9b1ed33ef8d238ea168eb760"
            ],
            "markers": "python_version >= '3.8'",
            "version": "==2.1.0"
        },
        "isort": {
            "hashes": [
                "sha256:1cb5df28dfbc742e490c5e41bad6da41b805b0a8be7bc93cd0fb2a8a890ac450",
                "sha256:2dc5d7f65c9678d94c88dfc29161a320eec67328bc97aad576874cb4be1e9615"
            ],
            "markers": "python_full_version >= '3.9.0'",
            "version": "==6.0.1"
        },
        "mccabe": {
            "hashes": [
                "sha256:348e0240c33b60bbdf4e523192ef919f28cb2c3d7d5c7794f74009290f236325",
                "sha256:6c2d30ab6be0e4a46919781807b4f0d834ebdd6c6e3dca0bda5a15f863427b6e"
            ],
            "markers": "python_version >= '3.6'",
            "version": "==0.7.0"
        },
        "mypy": {
            "hashes": [
                "sha256:03b6d0ed2b188e35ee6d5c36b5580cffd6da23319991c49ab5556c023ccf1341",
                "sha256:064e2ff508e5464b4bd807a7c1625bc5047c5022b85c70f030680e18f37273a5",
                "sha256:099b9a5da47de9e2cb5165e581f158e854d9e19d2e96b6698c0d64de911dd849",
                "sha256:15a83369400454c41ed3a118e0cc58bd8123921a602f385cb6d6ea5df050c733",
                "sha256:15d54056f7fe7a826d897789f53dd6377ec2ea8ba6f776dc83c2902b899fee81",
                "sha256:1b16708a66d38abb1e6b5702f5c2c87e133289da36f6a1d15f6a5221085c6403",
                "sha256:209a58fed9987eccc20f2ca94afe7257a8f46eb5df1fb69958650973230f91e6",
                "sha256:25e01ec741ab5bb3eec8ba9cdb0f769230368a22c959c4937360efb89b7e9f01",
                "sha256:397fba5d7616a5bc60b45c7ed204717eaddc38f826e3645402c426057ead9a91",
                "sha256:3fbe6d5555bf608c47203baa3e72dbc6ec9965b3d7c318aa9a4ca76f465bd972",
                "sha256:43808d9476c36b927fbcd0b0255ce75efe1b68a080154a38ae68a7e62de8f0f8",
                "sha256:55b918670f692fc9fba55c3298d8a3beae295c5cded0a55dccdc5bbead814acd",
                "sha256:5d1092694f166a7e56c805caaf794e0585cabdbf1df36911c414e4e9abb62ae9",
                "sha256:62761474061feef6f720149d7ba876122007ddc64adff5ba6f374fda35a018a0",
                "sha256:665afab0963a4b39dff7c1fa563cc8b11ecff7910206db4b2e64dd1ba25aed19",
                "sha256:69e83ea6553a3ba79c08c6e15dbd9bfa912ec1e493bf75489ef93beb65209aeb",
                "sha256:70401bbabd2fa1aa7c43bb358f54037baf0586f41e83b0ae67dd0534fc64edfd",
                "sha256:79d44f9bfb004941ebb0abe8eff6504223a9c1ac51ef967d1263c6572bbebc99",
                "sha256:80ef5c058b7bce08c83cac668158cb7edea692e458d21098c7d3bce35a5d43e7",
                "sha256:89e972c0035e9e05823907ad5398c5a73b9f47a002b22359b177d40bdaee7056",
                "sha256:93378d3203a5c0800c6b6d850ad2f19f7a3cdf1a3701d3416dbf128805c6a6a7",
                "sha256:9a2b7d9180aed171f033c9f2fc6c204c1245cf60b0cb61cf2e7acc24eea78e0a",
                "sha256:9d6b20b97d373f41617bd0708fd46aa656059af57f2ef72aa8c7d6a2b73b74ed",
                "sha256:a76906f26bd8d51ea9504966a9c25419f2e668f012e0bdf3da4ea1526c534d94",
                "sha256:a9f52c0351c21fe24c21d8c0eb1f62967b262d6729393397b6f443c3b773c3b9",
                "sha256:ad37544be07c5d7fba814eb370e006df58fed8ad1ef33ed1649cb1889ba6ff58",
                "sha256:b01586eed696ec905e61bd2568f48740f7ac4a45b3a468e6423a03d3788a51a8",
                "sha256:c1fdf4abb29ed1cb091cf432979e162c208a5ac676ce35010373ff29247bcad5",
                "sha256:c49562d3d908fd49ed0938e5423daed8d407774a479b595b143a3d7f87cdae6a",
                "sha256:c4a580f8a70c69e4a75587bd925d298434057fe2a428faaf927ffe6e4b9a98df",
                "sha256:c837b896b37cd103570d776bda106eabb8737aa6dd4f248451aecf53030cdbeb",
                "sha256:d7598cf74c3e16539d4e2f0b8d8c318e00041553d83d4861f87c7a72e95ac24d",
                "sha256:dd86bb649299f09d987a2eebb4d52d10603224500792e1bee18303bbcc1ce390",
                "sha256:e79311f2d904ccb59787477b7bd5d26f3347789c06fcd7656fa500875290264b",
                "sha256:e92bdc656b7757c438660f775f872a669b8ff374edc4d18277d86b63edba6b8b",
                "sha256:fa6ffadfbe6994d724c5a1bb6123a7d27dd68fc9c059561cd33b664a79578e14",
                "sha256:feb8cc32d319edd5859da2cc084493b3e2ce5e49a946377663cc90f6c15fb259",
                "sha256:ff2933428516ab63f961644bc49bc4cbe42bbffb2cd3b71cc7277c07d16b1a8b"
            ],
            "index": "pypi",
            "markers": "python_version >= '3.9'",
            "version": "==1.17.1"
        },
        "mypy-extensions": {
            "hashes": [
                "sha256:1be4cccdb0f2482337c4743e60421de3a356cd97508abadd57d47403e94f5505",
                "sha256:52e68efc3284861e772bbcd66823fde5ae21fd2fdb51c62a211403730b916558"
            ],
            "markers": "python_version >= '3.8'",
            "version": "==1.1.0"
        },
        "packaging": {
            "hashes": [
                "sha256:29572ef2b1f17581046b3a2227d5c611fb25ec70ca1ba8554b24b0e69331a484",
                "sha256:d443872c98d677bf60f6a1f2f8c1cb748e8fe762d2bf9d3148b5599295b0fc4f"
            ],
            "markers": "python_version >= '3.8'",
            "version": "==25.0"
        },
        "pathspec": {
            "hashes": [
                "sha256:a0d503e138a4c123b27490a4f7beda6a01c6f288df0e4a8b79c7eb0dc7b4cc08",
                "sha256:a482d51503a1ab33b1c67a6c3813a26953dbdc71c31dacaef9a838c4e29f5712"
            ],
            "markers": "python_version >= '3.8'",
            "version": "==0.12.1"
        },
        "platformdirs": {
            "hashes": [
                "sha256:3d512d96e16bcb959a814c9f348431070822a6496326a4be0911c40b5a74c2bc",
                "sha256:ff7059bb7eb1179e2685604f4aaf157cfd9535242bd23742eadc3c13542139b4"
            ],
            "markers": "python_version >= '3.9'",
            "version": "==4.3.8"
        },
        "pluggy": {
            "hashes": [
                "sha256:7dcc130b76258d33b90f61b658791dede3486c3e6bfb003ee5c9bfb396dd22f3",
                "sha256:e920276dd6813095e9377c0bc5566d94c932c33b27a3e3945d8389c374dd4746"
            ],
            "markers": "python_version >= '3.9'",
            "version": "==1.6.0"
        },
        "pygments": {
            "hashes": [
                "sha256:636cb2477cec7f8952536970bc533bc43743542f70392ae026374600add5b887",
                "sha256:86540386c03d588bb81d44bc3928634ff26449851e99741617ecb9037ee5ec0b"
            ],
            "markers": "python_version >= '3.8'",
            "version": "==2.19.2"
        },
        "pylint": {
            "hashes": [
                "sha256:26698de19941363037e2937d3db9ed94fb3303fdadf7d98847875345a8bb6b05",
                "sha256:7ef94aa692a600e82fabdd17102b73fc226758218c97473c7ad67bd4cb905d83"
            ],
            "index": "pypi",
            "markers": "python_full_version >= '3.9.0'",
            "version": "==3.3.8"
        },
        "pytest": {
            "hashes": [
                "sha256:86c0d0b93306b961d58d62a4db4879f27fe25513d4b969df351abdddb3c30e01",
                "sha256:872f880de3fc3a5bdc88a11b39c9710c3497a547cfa9320bc3c5e62fbf272e79"
            ],
            "index": "pypi",
            "markers": "python_version >= '3.9'",
            "version": "==8.4.2"
        },
        "pytest-cov": {
            "hashes": [
                "sha256:25cc6cc0a5358204b8108ecedc51a9b57b34cc6b8c967cc2c01a4e00d8a67da2",
                "sha256:f5bc4c23f42f1cdd23c70b1dab1bbaef4fc505ba950d53e0081d0730dd7e86d5"
            ],
            "index": "pypi",
            "markers": "python_version >= '3.9'",
            "version": "==6.2.1"
        },
        "tomli": {
            "hashes": [
                "sha256:939de3e7a6161af0c887ef91b7d41a53e7c5a1ca976325f429cb46ea9bc30ecc",
                "sha256:de526c12914f0c550d15924c62d72abc48d6fe7364aa87328337a31007fe8a4f"
            ],
            "markers": "python_version < '3.11'",
            "version": "==2.0.1"
        },
        "tomlkit": {
            "hashes": [
                "sha256:430cf247ee57df2b94ee3fbe588e71d362a941ebb545dec29b53961d61add2a1",
                "sha256:c89c649d79ee40629a9fda55f8ace8c6a1b42deb912b2a8fd8d942ddadb606b0"
            ],
            "markers": "python_version >= '3.8'",
            "version": "==0.13.3"
        },
        "typing-extensions": {
            "hashes": [
                "sha256:38b39f4aeeab64884ce9f74c94263ef78f3c22467c8724005483154c26648d36",
                "sha256:d1e1e3b58374dc93031d6eda2420a48ea44a36c2b4766a4fdeb3710755731d76"
            ],
            "markers": "python_version >= '3.9'",
            "version": "==4.14.1"
        },
        "wrapt": {
            "hashes": [
                "sha256:02b551d101f31694fc785e58e0720ef7d9a10c4e62c1c9358ce6f63f23e30a56",
                "sha256:042ec3bb8f319c147b1301f2393bc19dba6e176b7da446853406d041c36c7828",
                "sha256:0610b46293c59a3adbae3dee552b648b984176f8562ee0dba099a56cfbe4df1f",
                "sha256:0b02e424deef65c9f7326d8c19220a2c9040c51dc165cddb732f16198c168396",
                "sha256:0b1831115c97f0663cb77aa27d381237e73ad4f721391a9bfb2fe8bc25fa6e77",
                "sha256:0ed61b7c2d49cee3c027372df5809a59d60cf1b6c2f81ee980a091f3afed6a2d",
                "sha256:0f5f51a6466667a5a356e6381d362d259125b57f059103dd9fdc8c0cf1d14139",
                "sha256:16ecf15d6af39246fe33e507105d67e4b81d8f8d2c6598ff7e3ca1b8a37213f7",
                "sha256:1f0b2f40cf341ee8cc1a97d51ff50dddb9fcc73241b9143ec74b30fc4f44f6cb",
                "sha256:1f23fa283f51c890eda8e34e4937079114c74b4c81d2b2f1f1d94948f5cc3d7f",
                "sha256:223db574bb38637e8230eb14b185565023ab624474df94d2af18f1cdb625216f",
                "sha256:249f88ed15503f6492a71f01442abddd73856a0032ae860de6d75ca62eed8067",
                "sha256:24c2ed34dc222ed754247a2702b1e1e89fdbaa4016f324b4b8f1a802d4ffe87f",
                "sha256:273a736c4645e63ac582c60a56b0acb529ef07f78e08dc6bfadf6a46b19c0da7",
                "sha256:281262213373b6d5e4bb4353bc36d1ba4084e6d6b5d242863721ef2bf2c2930b",
                "sha256:30ce38e66630599e1193798285706903110d4f057aab3168a34b7fdc85569afc",
                "sha256:33486899acd2d7d3066156b03465b949da3fd41a5da6e394ec49d271baefcf05",
                "sha256:343e44b2a8e60e06a7e0d29c1671a0d9951f59174f3709962b5143f60a2a98bd",
                "sha256:373342dd05b1d07d752cecbec0c41817231f29f3a89aa8b8843f7b95992ed0c7",
                "sha256:3af60380ba0b7b5aeb329bc4e402acd25bd877e98b3727b0135cb5c2efdaefe9",
                "sha256:3e62d15d3cfa26e3d0788094de7b64efa75f3a53875cdbccdf78547aed547a81",
                "sha256:41b1d2bc74c2cac6f9074df52b2efbef2b30bdfe5f40cb78f8ca22963bc62977",
                "sha256:423ed5420ad5f5529db9ce89eac09c8a2f97da18eb1c870237e84c5a5c2d60aa",
                "sha256:46acc57b331e0b3bcb3e1ca3b421d65637915cfcd65eb783cb2f78a511193f9b",
                "sha256:4da9f45279fff3543c371d5ababc57a0384f70be244de7759c85a7f989cb4ebe",
                "sha256:507553480670cab08a800b9463bdb881b2edeed77dc677b0a5915e6106e91a58",
                "sha256:53e5e39ff71b3fc484df8a522c933ea2b7cdd0d5d15ae82e5b23fde87d44cbd8",
                "sha256:54a30837587c6ee3cd1a4d1c2ec5d24e77984d44e2f34547e2323ddb4e22eb77",
                "sha256:5531d911795e3f935a9c23eb1c8c03c211661a5060aab167065896bbf62a5f85",
                "sha256:55cbbc356c2842f39bcc553cf695932e8b30e30e797f961860afb308e6b1bb7c",
                "sha256:59923aa12d0157f6b82d686c3fd8e1166fa8cdfb3e17b42ce3b6147ff81528df",
                "sha256:5a03a38adec8066d5a37bea22f2ba6bbf39fcdefbe2d91419ab864c3fb515454",
                "sha256:5a7b3c1ee8265eb4c8f1b7d29943f195c00673f5ab60c192eba2d4a7eae5f46a",
                "sha256:5d4478d72eb61c36e5b446e375bbc49ed002430d17cdec3cecb36993398e1a9e",
                "sha256:5ea5eb3c0c071862997d6f3e02af1d055f381b1d25b286b9d6644b79db77657c",
                "sha256:604d076c55e2fdd4c1c03d06dc1a31b95130010517b5019db15365ec4a405fc6",
                "sha256:656873859b3b50eeebe6db8b1455e99d90c26ab058db8e427046dbc35c3140a5",
                "sha256:65d1d00fbfb3ea5f20add88bbc0f815150dbbde3b026e6c24759466c8b5a9ef9",
                "sha256:6b538e31eca1a7ea4605e44f81a48aa24c4632a277431a6ed3f328835901f4fd",
                "sha256:6fd1ad24dc235e4ab88cda009e19bf347aabb975e44fd5c2fb22a3f6e4141277",
                "sha256:70d86fa5197b8947a2fa70260b48e400bf2ccacdcab97bb7de47e3d1e6312225",
                "sha256:7171ae35d2c33d326ac19dd8facb1e82e5fd04ef8c6c0e394d7af55a55051c22",
                "sha256:73d496de46cd2cdbdbcce4ae4bcdb4afb6a11234a1df9c085249d55166b95116",
                "sha256:7425ac3c54430f5fc5e7b6f41d41e704db073309acfc09305816bc6a0b26bb16",
                "sha256:74afa28374a3c3a11b3b5e5fca0ae03bef8450d6aa3ab3a1e2c30e3a75d023dc",
                "sha256:758895b01d546812d1f42204bd443b8c433c44d090248bf22689df673ccafe00",
                "sha256:79573c24a46ce11aab457b472efd8d125e5a51da2d1d24387666cd85f54c05b2",
                "sha256:7e18f01b0c3e4a07fe6dfdb00e29049ba17eadbc5e7609a2a3a4af83ab7d710a",
                "sha256:88547535b787a6c9ce4086917b6e1d291aa8ed914fdd3a838b3539dc95c12804",
                "sha256:88bbae4d40d5a46142e70d58bf664a89b6b4befaea7b2ecc14e03cedb8e06c04",
                "sha256:8cccf4f81371f257440c88faed6b74f1053eef90807b77e31ca057b2db74edb1",
                "sha256:9baa544e6acc91130e926e8c802a17f3b16fbea0fd441b5a60f5cf2cc5c3deba",
                "sha256:a36692b8491d30a8c75f1dfee65bef119d6f39ea84ee04d9f9311f83c5ad9390",
                "sha256:a47681378a0439215912ef542c45a783484d4dd82bac412b71e59cf9c0e1cea0",
                "sha256:a7c06742645f914f26c7f1fa47b8bc4c91d222f76ee20116c43d5ef0912bba2d",
                "sha256:a9a2203361a6e6404f80b99234fe7fb37d1fc73487b5a78dc1aa5b97201e0f22",
                "sha256:ab232e7fdb44cdfbf55fc3afa31bcdb0d8980b9b95c38b6405df2acb672af0e0",
                "sha256:ad85e269fe54d506b240d2d7b9f5f2057c2aa9a2ea5b32c66f8902f768117ed2",
                "sha256:af338aa93554be859173c39c85243970dc6a289fa907402289eeae7543e1ae18",
                "sha256:afd964fd43b10c12213574db492cb8f73b2f0826c8df07a68288f8f19af2ebe6",
                "sha256:b32888aad8b6e68f83a8fdccbf3165f5469702a7544472bdf41f582970ed3311",
                "sha256:c31eebe420a9a5d2887b13000b043ff6ca27c452a9a22fa71f35f118e8d4bf89",
                "sha256:caea3e9c79d5f0d2c6d9ab96111601797ea5da8e6d0723f77eabb0d4068d2b2f",
                "sha256:cf30f6e3c077c8e6a9a7809c94551203c8843e74ba0c960f4a98cd80d4665d39",
                "sha256:d40770d7c0fd5cbed9d84b2c3f2e156431a12c9a37dc6284060fb4bec0b7ffd4",
                "sha256:d8a210b158a34164de8bb68b0e7780041a903d7b00c87e906fb69928bf7890d5",
                "sha256:dc4a8d2b25efb6681ecacad42fca8859f88092d8732b170de6a5dddd80a1c8fa",
                "sha256:df7d30371a2accfe4013e90445f6388c570f103d61019b6b7c57e0265250072a",
                "sha256:e01375f275f010fcbf7f643b4279896d04e571889b8a5b3f848423d91bf07050",
                "sha256:e1a4120ae5705f673727d3253de3ed0e016f7cd78dc463db1b31e2463e1f3cf6",
                "sha256:e228514a06843cae89621384cfe3a80418f3c04aadf8a3b14e46a7be704e4235",
                "sha256:e405adefb53a435f01efa7ccdec012c016b5a1d3f35459990afc39b6be4d5056",
                "sha256:e6b13af258d6a9ad602d57d889f83b9d5543acd471eee12eb51f5b01f8eb1bc2",
                "sha256:e6f40a8aa5a92f150bdb3e1c44b7e98fb7113955b2e5394122fa5532fec4b418",
                "sha256:e71d5c6ebac14875668a1e90baf2ea0ef5b7ac7918355850c0908ae82bcb297c",
                "sha256:ed7c635ae45cfbc1a7371f708727bf74690daedc49b4dba310590ca0bd28aa8a",
                "sha256:f38e60678850c42461d4202739f9bf1e3a737c7ad283638251e79cc49effb6b6",
                "sha256:f66eb08feaa410fe4eebd17f2a2c8e2e46d3476e9f8c783daa8e09e0faa666d0",
                "sha256:f9b2601381be482f70e5d1051a5965c25fb3625455a2bf520b5a077b22afb775",
                "sha256:fbd3c8319de8e1dc79d346929cd71d523622da527cca14e0c1d257e31c2b8b10",
                "sha256:fd341868a4b6714a5962c1af0bd44f7c404ef78720c7de4892901e540417111c"
            ],
            "index": "pypi",
            "markers": "python_version >= '3.8'",
            "version": "==1.17.3"
        }
    }
}
